
Microsoft Visual Studio Solution File, Format Version 12.00
# Visual Studio Version 17
VisualStudioVersion = 17.10.34928.147
MinimumVisualStudioVersion = 10.0.40219.1
Project("{9A19103F-16F7-4668-BE54-9A1E7A4F7556}") = "AmbevConexao.Data", "AmbevConexao.Data\AmbevConexao.Data.csproj", "{49C7F334-E7D9-4945-816A-2E6A00C8D7E6}"
EndProject
Project("{9A19103F-16F7-4668-BE54-9A1E7A4F7556}") = "AmbevConexao.Domain", "AmbevConexao.Domain\AmbevConexao.Domain.csproj", "{EB1FB84C-C1CD-4D73-94E8-A7AB911C155D}"
EndProject
Project("{9A19103F-16F7-4668-BE54-9A1E7A4F7556}") = "AmbevConexao.Cons", "AmbevConexao.Cons\AmbevConexao.Cons.csproj", "{52ADDA04-3BD9-476C-AF52-A944A0A74D16}"
EndProject
Project("{FAE04EC0-301F-11D3-BF4B-00C04F79EFBC}") = "AmbevConexao.API", "AmbevConexao.API\AmbevConexao.API.csproj", "{0F173994-FF93-4F4D-82F0-02E2EB1ECBA6}"
EndProject
Global
	GlobalSection(SolutionConfigurationPlatforms) = preSolution
		Debug|Any CPU = Debug|Any CPU
		Release|Any CPU = Release|Any CPU
	EndGlobalSection
	GlobalSection(ProjectConfigurationPlatforms) = postSolution
		{49C7F334-E7D9-4945-816A-2E6A00C8D7E6}.Debug|Any CPU.ActiveCfg = Debug|Any CPU
		{49C7F334-E7D9-4945-816A-2E6A00C8D7E6}.Debug|Any CPU.Build.0 = Debug|Any CPU
		{49C7F334-E7D9-4945-816A-2E6A00C8D7E6}.Release|Any CPU.ActiveCfg = Release|Any CPU
		{49C7F334-E7D9-4945-816A-2E6A00C8D7E6}.Release|Any CPU.Build.0 = Release|Any CPU
		{EB1FB84C-C1CD-4D73-94E8-A7AB911C155D}.Debug|Any CPU.ActiveCfg = Debug|Any CPU
		{EB1FB84C-C1CD-4D73-94E8-A7AB911C155D}.Debug|Any CPU.Build.0 = Debug|Any CPU
		{EB1FB84C-C1CD-4D73-94E8-A7AB911C155D}.Release|Any CPU.ActiveCfg = Release|Any CPU
		{EB1FB84C-C1CD-4D73-94E8-A7AB911C155D}.Release|Any CPU.Build.0 = Release|Any CPU
		{52ADDA04-3BD9-476C-AF52-A944A0A74D16}.Debug|Any CPU.ActiveCfg = Debug|Any CPU
		{52ADDA04-3BD9-476C-AF52-A944A0A74D16}.Debug|Any CPU.Build.0 = Debug|Any CPU
		{52ADDA04-3BD9-476C-AF52-A944A0A74D16}.Release|Any CPU.ActiveCfg = Release|Any CPU
		{52ADDA04-3BD9-476C-AF52-A944A0A74D16}.Release|Any CPU.Build.0 = Release|Any CPU
		{0F173994-FF93-4F4D-82F0-02E2EB1ECBA6}.Debug|Any CPU.ActiveCfg = Debug|Any CPU
		{0F173994-FF93-4F4D-82F0-02E2EB1ECBA6}.Debug|Any CPU.Build.0 = Debug|Any CPU
		{0F173994-FF93-4F4D-82F0-02E2EB1ECBA6}.Release|Any CPU.ActiveCfg = Release|Any CPU
		{0F173994-FF93-4F4D-82F0-02E2EB1ECBA6}.Release|Any CPU.Build.0 = Release|Any CPU
	EndGlobalSection
	GlobalSection(SolutionProperties) = preSolution
		HideSolutionNode = FALSE
	EndGlobalSection
	GlobalSection(ExtensibilityGlobals) = postSolution
		SolutionGuid = {F7928D4C-7AC6-4F77-9419-601DEB7E209D}
	EndGlobalSection
EndGlobal
